
Microsoft Visual Studio Solution File, Format Version 12.00
# Visual Studio Version 16
VisualStudioVersion = 16.0.30114.105
MinimumVisualStudioVersion = 10.0.40219.1
Project("{FAE04EC0-301F-11D3-BF4B-00C04F79EFBC}") = "Day01", "Day01 - The Tyranny of the Rocket Equation\Day01.csproj", "{BB985199-45CB-4D1B-B910-F5BF5F0C5AB9}"
EndProject
Project("{FAE04EC0-301F-11D3-BF4B-00C04F79EFBC}") = "Day02", "Day02 - 1202 Program Alarm\Day02.csproj", "{3F4E2E6C-8215-4FA5-8D25-B636EADD4FC6}"
EndProject
Project("{FAE04EC0-301F-11D3-BF4B-00C04F79EFBC}") = "Day03", "Day03 - Crossed Wires\Day03.csproj", "{A91974B1-45D8-4378-AE10-FFDC3E5EC726}"
EndProject
Project("{FAE04EC0-301F-11D3-BF4B-00C04F79EFBC}") = "Day04", "Day04 - Secure Container\Day04.csproj", "{A871DC9E-BA7C-4F10-A1FE-B084BF5BBDC1}"
EndProject
Project("{FAE04EC0-301F-11D3-BF4B-00C04F79EFBC}") = "Day05", "Day05 - Sunny with a Chance of Asteroids\Day05.csproj", "{C34F9637-00B9-4720-8117-BF896E548F7B}"
EndProject
Project("{FAE04EC0-301F-11D3-BF4B-00C04F79EFBC}") = "Day06", "Day06 - Universal Orbit Map\Day06.csproj", "{5BB4F969-2C0C-4B3C-B6BE-AD4EE88BDD84}"
EndProject
Project("{FAE04EC0-301F-11D3-BF4B-00C04F79EFBC}") = "Day07", "Day07 - Amplification Circuit\Day07.csproj", "{7D154B8F-DB67-4EE7-BE30-2AD3D6141DB4}"
EndProject
Project("{FAE04EC0-301F-11D3-BF4B-00C04F79EFBC}") = "Day08", "Day08 - Space Image Format\Day08.csproj", "{AB021617-2DA8-42C6-8A54-7D763271BB37}"
EndProject
Project("{FAE04EC0-301F-11D3-BF4B-00C04F79EFBC}") = "Day09", "Day09 - Sensor Boost\Day09.csproj", "{E836F457-1F51-4013-815F-899782B98CE3}"
EndProject
Project("{FAE04EC0-301F-11D3-BF4B-00C04F79EFBC}") = "Day10", "Day10 - Monitoring Station\Day10.csproj", "{61574C7F-5309-4E6F-AC88-64C15B257C1B}"
EndProject
Project("{FAE04EC0-301F-11D3-BF4B-00C04F79EFBC}") = "Day11", "Day11 - Space Police\Day11.csproj", "{46BA843C-B80A-41AD-85AD-2BB5506B33A2}"
EndProject
Project("{FAE04EC0-301F-11D3-BF4B-00C04F79EFBC}") = "Day12", "Day12 - The N-Body Problem\Day12.csproj", "{7AD532D7-EB9E-4499-A0D2-9A8A12CAFBA9}"
EndProject
Project("{FAE04EC0-301F-11D3-BF4B-00C04F79EFBC}") = "Day13", "Day13 - Care Package\Day13.csproj", "{2B8F5C5B-36C2-4883-B178-42024E313742}"
EndProject
Project("{FAE04EC0-301F-11D3-BF4B-00C04F79EFBC}") = "Day14", "Day14 - Space Stoichiometry\Day14.csproj", "{D9F97AC1-BAA9-4642-9EA2-D316C5462ACF}"
EndProject
Project("{FAE04EC0-301F-11D3-BF4B-00C04F79EFBC}") = "Day15", "Day15 - Oxygen System\Day15.csproj", "{359F3CEC-F0DF-4D2D-89E1-421FF172823E}"
EndProject
Project("{FAE04EC0-301F-11D3-BF4B-00C04F79EFBC}") = "Day16", "Day16 - Flawed Frequency Transmission\Day16.csproj", "{67CF621F-07CE-41C0-98DC-B55510D38F65}"
EndProject
Project("{FAE04EC0-301F-11D3-BF4B-00C04F79EFBC}") = "Day17", "Day17 - Set and Forget\Day17.csproj", "{1EF7940E-B657-4F99-AE25-CCE6D7F45E21}"
EndProject
Project("{FAE04EC0-301F-11D3-BF4B-00C04F79EFBC}") = "Day18", "Day18 - Many-Worlds Interpretation\Day18.csproj", "{5154075C-C6E8-4FC2-AE7D-A080B9DF55D9}"
EndProject
Global
	GlobalSection(SolutionConfigurationPlatforms) = preSolution
		Debug|Any CPU = Debug|Any CPU
		Debug|x64 = Debug|x64
		Debug|x86 = Debug|x86
		Release|Any CPU = Release|Any CPU
		Release|x64 = Release|x64
		Release|x86 = Release|x86
	EndGlobalSection
	GlobalSection(SolutionProperties) = preSolution
		HideSolutionNode = FALSE
	EndGlobalSection
	GlobalSection(ProjectConfigurationPlatforms) = postSolution
		{BB985199-45CB-4D1B-B910-F5BF5F0C5AB9}.Debug|Any CPU.ActiveCfg = Debug|Any CPU
		{BB985199-45CB-4D1B-B910-F5BF5F0C5AB9}.Debug|Any CPU.Build.0 = Debug|Any CPU
		{BB985199-45CB-4D1B-B910-F5BF5F0C5AB9}.Debug|x64.ActiveCfg = Debug|Any CPU
		{BB985199-45CB-4D1B-B910-F5BF5F0C5AB9}.Debug|x64.Build.0 = Debug|Any CPU
		{BB985199-45CB-4D1B-B910-F5BF5F0C5AB9}.Debug|x86.ActiveCfg = Debug|Any CPU
		{BB985199-45CB-4D1B-B910-F5BF5F0C5AB9}.Debug|x86.Build.0 = Debug|Any CPU
		{BB985199-45CB-4D1B-B910-F5BF5F0C5AB9}.Release|Any CPU.ActiveCfg = Release|Any CPU
		{BB985199-45CB-4D1B-B910-F5BF5F0C5AB9}.Release|Any CPU.Build.0 = Release|Any CPU
		{BB985199-45CB-4D1B-B910-F5BF5F0C5AB9}.Release|x64.ActiveCfg = Release|Any CPU
		{BB985199-45CB-4D1B-B910-F5BF5F0C5AB9}.Release|x64.Build.0 = Release|Any CPU
		{BB985199-45CB-4D1B-B910-F5BF5F0C5AB9}.Release|x86.ActiveCfg = Release|Any CPU
		{BB985199-45CB-4D1B-B910-F5BF5F0C5AB9}.Release|x86.Build.0 = Release|Any CPU
		{3F4E2E6C-8215-4FA5-8D25-B636EADD4FC6}.Debug|Any CPU.ActiveCfg = Debug|Any CPU
		{3F4E2E6C-8215-4FA5-8D25-B636EADD4FC6}.Debug|Any CPU.Build.0 = Debug|Any CPU
		{3F4E2E6C-8215-4FA5-8D25-B636EADD4FC6}.Debug|x64.ActiveCfg = Debug|Any CPU
		{3F4E2E6C-8215-4FA5-8D25-B636EADD4FC6}.Debug|x64.Build.0 = Debug|Any CPU
		{3F4E2E6C-8215-4FA5-8D25-B636EADD4FC6}.Debug|x86.ActiveCfg = Debug|Any CPU
		{3F4E2E6C-8215-4FA5-8D25-B636EADD4FC6}.Debug|x86.Build.0 = Debug|Any CPU
		{3F4E2E6C-8215-4FA5-8D25-B636EADD4FC6}.Release|Any CPU.ActiveCfg = Release|Any CPU
		{3F4E2E6C-8215-4FA5-8D25-B636EADD4FC6}.Release|Any CPU.Build.0 = Release|Any CPU
		{3F4E2E6C-8215-4FA5-8D25-B636EADD4FC6}.Release|x64.ActiveCfg = Release|Any CPU
		{3F4E2E6C-8215-4FA5-8D25-B636EADD4FC6}.Release|x64.Build.0 = Release|Any CPU
		{3F4E2E6C-8215-4FA5-8D25-B636EADD4FC6}.Release|x86.ActiveCfg = Release|Any CPU
		{3F4E2E6C-8215-4FA5-8D25-B636EADD4FC6}.Release|x86.Build.0 = Release|Any CPU
		{A91974B1-45D8-4378-AE10-FFDC3E5EC726}.Debug|Any CPU.ActiveCfg = Debug|Any CPU
		{A91974B1-45D8-4378-AE10-FFDC3E5EC726}.Debug|Any CPU.Build.0 = Debug|Any CPU
		{A91974B1-45D8-4378-AE10-FFDC3E5EC726}.Debug|x64.ActiveCfg = Debug|Any CPU
		{A91974B1-45D8-4378-AE10-FFDC3E5EC726}.Debug|x64.Build.0 = Debug|Any CPU
		{A91974B1-45D8-4378-AE10-FFDC3E5EC726}.Debug|x86.ActiveCfg = Debug|Any CPU
		{A91974B1-45D8-4378-AE10-FFDC3E5EC726}.Debug|x86.Build.0 = Debug|Any CPU
		{A91974B1-45D8-4378-AE10-FFDC3E5EC726}.Release|Any CPU.ActiveCfg = Release|Any CPU
		{A91974B1-45D8-4378-AE10-FFDC3E5EC726}.Release|Any CPU.Build.0 = Release|Any CPU
		{A91974B1-45D8-4378-AE10-FFDC3E5EC726}.Release|x64.ActiveCfg = Release|Any CPU
		{A91974B1-45D8-4378-AE10-FFDC3E5EC726}.Release|x64.Build.0 = Release|Any CPU
		{A91974B1-45D8-4378-AE10-FFDC3E5EC726}.Release|x86.ActiveCfg = Release|Any CPU
		{A91974B1-45D8-4378-AE10-FFDC3E5EC726}.Release|x86.Build.0 = Release|Any CPU
		{A871DC9E-BA7C-4F10-A1FE-B084BF5BBDC1}.Debug|Any CPU.ActiveCfg = Debug|Any CPU
		{A871DC9E-BA7C-4F10-A1FE-B084BF5BBDC1}.Debug|Any CPU.Build.0 = Debug|Any CPU
		{A871DC9E-BA7C-4F10-A1FE-B084BF5BBDC1}.Debug|x64.ActiveCfg = Debug|Any CPU
		{A871DC9E-BA7C-4F10-A1FE-B084BF5BBDC1}.Debug|x64.Build.0 = Debug|Any CPU
		{A871DC9E-BA7C-4F10-A1FE-B084BF5BBDC1}.Debug|x86.ActiveCfg = Debug|Any CPU
		{A871DC9E-BA7C-4F10-A1FE-B084BF5BBDC1}.Debug|x86.Build.0 = Debug|Any CPU
		{A871DC9E-BA7C-4F10-A1FE-B084BF5BBDC1}.Release|Any CPU.ActiveCfg = Release|Any CPU
		{A871DC9E-BA7C-4F10-A1FE-B084BF5BBDC1}.Release|Any CPU.Build.0 = Release|Any CPU
		{A871DC9E-BA7C-4F10-A1FE-B084BF5BBDC1}.Release|x64.ActiveCfg = Release|Any CPU
		{A871DC9E-BA7C-4F10-A1FE-B084BF5BBDC1}.Release|x64.Build.0 = Release|Any CPU
		{A871DC9E-BA7C-4F10-A1FE-B084BF5BBDC1}.Release|x86.ActiveCfg = Release|Any CPU
		{A871DC9E-BA7C-4F10-A1FE-B084BF5BBDC1}.Release|x86.Build.0 = Release|Any CPU
		{C34F9637-00B9-4720-8117-BF896E548F7B}.Debug|Any CPU.ActiveCfg = Debug|Any CPU
		{C34F9637-00B9-4720-8117-BF896E548F7B}.Debug|Any CPU.Build.0 = Debug|Any CPU
		{C34F9637-00B9-4720-8117-BF896E548F7B}.Debug|x64.ActiveCfg = Debug|Any CPU
		{C34F9637-00B9-4720-8117-BF896E548F7B}.Debug|x64.Build.0 = Debug|Any CPU
		{C34F9637-00B9-4720-8117-BF896E548F7B}.Debug|x86.ActiveCfg = Debug|Any CPU
		{C34F9637-00B9-4720-8117-BF896E548F7B}.Debug|x86.Build.0 = Debug|Any CPU
		{C34F9637-00B9-4720-8117-BF896E548F7B}.Release|Any CPU.ActiveCfg = Release|Any CPU
		{C34F9637-00B9-4720-8117-BF896E548F7B}.Release|Any CPU.Build.0 = Release|Any CPU
		{C34F9637-00B9-4720-8117-BF896E548F7B}.Release|x64.ActiveCfg = Release|Any CPU
		{C34F9637-00B9-4720-8117-BF896E548F7B}.Release|x64.Build.0 = Release|Any CPU
		{C34F9637-00B9-4720-8117-BF896E548F7B}.Release|x86.ActiveCfg = Release|Any CPU
		{C34F9637-00B9-4720-8117-BF896E548F7B}.Release|x86.Build.0 = Release|Any CPU
		{5BB4F969-2C0C-4B3C-B6BE-AD4EE88BDD84}.Debug|Any CPU.ActiveCfg = Debug|Any CPU
		{5BB4F969-2C0C-4B3C-B6BE-AD4EE88BDD84}.Debug|Any CPU.Build.0 = Debug|Any CPU
		{5BB4F969-2C0C-4B3C-B6BE-AD4EE88BDD84}.Debug|x64.ActiveCfg = Debug|Any CPU
		{5BB4F969-2C0C-4B3C-B6BE-AD4EE88BDD84}.Debug|x64.Build.0 = Debug|Any CPU
		{5BB4F969-2C0C-4B3C-B6BE-AD4EE88BDD84}.Debug|x86.ActiveCfg = Debug|Any CPU
		{5BB4F969-2C0C-4B3C-B6BE-AD4EE88BDD84}.Debug|x86.Build.0 = Debug|Any CPU
		{5BB4F969-2C0C-4B3C-B6BE-AD4EE88BDD84}.Release|Any CPU.ActiveCfg = Release|Any CPU
		{5BB4F969-2C0C-4B3C-B6BE-AD4EE88BDD84}.Release|Any CPU.Build.0 = Release|Any CPU
		{5BB4F969-2C0C-4B3C-B6BE-AD4EE88BDD84}.Release|x64.ActiveCfg = Release|Any CPU
		{5BB4F969-2C0C-4B3C-B6BE-AD4EE88BDD84}.Release|x64.Build.0 = Release|Any CPU
		{5BB4F969-2C0C-4B3C-B6BE-AD4EE88BDD84}.Release|x86.ActiveCfg = Release|Any CPU
		{5BB4F969-2C0C-4B3C-B6BE-AD4EE88BDD84}.Release|x86.Build.0 = Release|Any CPU
		{7D154B8F-DB67-4EE7-BE30-2AD3D6141DB4}.Debug|Any CPU.ActiveCfg = Debug|Any CPU
		{7D154B8F-DB67-4EE7-BE30-2AD3D6141DB4}.Debug|Any CPU.Build.0 = Debug|Any CPU
		{7D154B8F-DB67-4EE7-BE30-2AD3D6141DB4}.Debug|x64.ActiveCfg = Debug|Any CPU
		{7D154B8F-DB67-4EE7-BE30-2AD3D6141DB4}.Debug|x64.Build.0 = Debug|Any CPU
		{7D154B8F-DB67-4EE7-BE30-2AD3D6141DB4}.Debug|x86.ActiveCfg = Debug|Any CPU
		{7D154B8F-DB67-4EE7-BE30-2AD3D6141DB4}.Debug|x86.Build.0 = Debug|Any CPU
		{7D154B8F-DB67-4EE7-BE30-2AD3D6141DB4}.Release|Any CPU.ActiveCfg = Release|Any CPU
		{7D154B8F-DB67-4EE7-BE30-2AD3D6141DB4}.Release|Any CPU.Build.0 = Release|Any CPU
		{7D154B8F-DB67-4EE7-BE30-2AD3D6141DB4}.Release|x64.ActiveCfg = Release|Any CPU
		{7D154B8F-DB67-4EE7-BE30-2AD3D6141DB4}.Release|x64.Build.0 = Release|Any CPU
		{7D154B8F-DB67-4EE7-BE30-2AD3D6141DB4}.Release|x86.ActiveCfg = Release|Any CPU
		{7D154B8F-DB67-4EE7-BE30-2AD3D6141DB4}.Release|x86.Build.0 = Release|Any CPU
		{AB021617-2DA8-42C6-8A54-7D763271BB37}.Debug|Any CPU.ActiveCfg = Debug|Any CPU
		{AB021617-2DA8-42C6-8A54-7D763271BB37}.Debug|Any CPU.Build.0 = Debug|Any CPU
		{AB021617-2DA8-42C6-8A54-7D763271BB37}.Debug|x64.ActiveCfg = Debug|Any CPU
		{AB021617-2DA8-42C6-8A54-7D763271BB37}.Debug|x64.Build.0 = Debug|Any CPU
		{AB021617-2DA8-42C6-8A54-7D763271BB37}.Debug|x86.ActiveCfg = Debug|Any CPU
		{AB021617-2DA8-42C6-8A54-7D763271BB37}.Debug|x86.Build.0 = Debug|Any CPU
		{AB021617-2DA8-42C6-8A54-7D763271BB37}.Release|Any CPU.ActiveCfg = Release|Any CPU
		{AB021617-2DA8-42C6-8A54-7D763271BB37}.Release|Any CPU.Build.0 = Release|Any CPU
		{AB021617-2DA8-42C6-8A54-7D763271BB37}.Release|x64.ActiveCfg = Release|Any CPU
		{AB021617-2DA8-42C6-8A54-7D763271BB37}.Release|x64.Build.0 = Release|Any CPU
		{AB021617-2DA8-42C6-8A54-7D763271BB37}.Release|x86.ActiveCfg = Release|Any CPU
		{AB021617-2DA8-42C6-8A54-7D763271BB37}.Release|x86.Build.0 = Release|Any CPU
		{E836F457-1F51-4013-815F-899782B98CE3}.Debug|Any CPU.ActiveCfg = Debug|Any CPU
		{E836F457-1F51-4013-815F-899782B98CE3}.Debug|Any CPU.Build.0 = Debug|Any CPU
		{E836F457-1F51-4013-815F-899782B98CE3}.Debug|x64.ActiveCfg = Debug|Any CPU
		{E836F457-1F51-4013-815F-899782B98CE3}.Debug|x64.Build.0 = Debug|Any CPU
		{E836F457-1F51-4013-815F-899782B98CE3}.Debug|x86.ActiveCfg = Debug|Any CPU
		{E836F457-1F51-4013-815F-899782B98CE3}.Debug|x86.Build.0 = Debug|Any CPU
		{E836F457-1F51-4013-815F-899782B98CE3}.Release|Any CPU.ActiveCfg = Release|Any CPU
		{E836F457-1F51-4013-815F-899782B98CE3}.Release|Any CPU.Build.0 = Release|Any CPU
		{E836F457-1F51-4013-815F-899782B98CE3}.Release|x64.ActiveCfg = Release|Any CPU
		{E836F457-1F51-4013-815F-899782B98CE3}.Release|x64.Build.0 = Release|Any CPU
		{E836F457-1F51-4013-815F-899782B98CE3}.Release|x86.ActiveCfg = Release|Any CPU
		{E836F457-1F51-4013-815F-899782B98CE3}.Release|x86.Build.0 = Release|Any CPU
		{61574C7F-5309-4E6F-AC88-64C15B257C1B}.Debug|Any CPU.ActiveCfg = Debug|Any CPU
		{61574C7F-5309-4E6F-AC88-64C15B257C1B}.Debug|Any CPU.Build.0 = Debug|Any CPU
		{61574C7F-5309-4E6F-AC88-64C15B257C1B}.Debug|x64.ActiveCfg = Debug|Any CPU
		{61574C7F-5309-4E6F-AC88-64C15B257C1B}.Debug|x64.Build.0 = Debug|Any CPU
		{61574C7F-5309-4E6F-AC88-64C15B257C1B}.Debug|x86.ActiveCfg = Debug|Any CPU
		{61574C7F-5309-4E6F-AC88-64C15B257C1B}.Debug|x86.Build.0 = Debug|Any CPU
		{61574C7F-5309-4E6F-AC88-64C15B257C1B}.Release|Any CPU.ActiveCfg = Release|Any CPU
		{61574C7F-5309-4E6F-AC88-64C15B257C1B}.Release|Any CPU.Build.0 = Release|Any CPU
		{61574C7F-5309-4E6F-AC88-64C15B257C1B}.Release|x64.ActiveCfg = Release|Any CPU
		{61574C7F-5309-4E6F-AC88-64C15B257C1B}.Release|x64.Build.0 = Release|Any CPU
		{61574C7F-5309-4E6F-AC88-64C15B257C1B}.Release|x86.ActiveCfg = Release|Any CPU
		{61574C7F-5309-4E6F-AC88-64C15B257C1B}.Release|x86.Build.0 = Release|Any CPU
		{46BA843C-B80A-41AD-85AD-2BB5506B33A2}.Debug|Any CPU.ActiveCfg = Debug|Any CPU
		{46BA843C-B80A-41AD-85AD-2BB5506B33A2}.Debug|Any CPU.Build.0 = Debug|Any CPU
		{46BA843C-B80A-41AD-85AD-2BB5506B33A2}.Debug|x64.ActiveCfg = Debug|Any CPU
		{46BA843C-B80A-41AD-85AD-2BB5506B33A2}.Debug|x64.Build.0 = Debug|Any CPU
		{46BA843C-B80A-41AD-85AD-2BB5506B33A2}.Debug|x86.ActiveCfg = Debug|Any CPU
		{46BA843C-B80A-41AD-85AD-2BB5506B33A2}.Debug|x86.Build.0 = Debug|Any CPU
		{46BA843C-B80A-41AD-85AD-2BB5506B33A2}.Release|Any CPU.ActiveCfg = Release|Any CPU
		{46BA843C-B80A-41AD-85AD-2BB5506B33A2}.Release|Any CPU.Build.0 = Release|Any CPU
		{46BA843C-B80A-41AD-85AD-2BB5506B33A2}.Release|x64.ActiveCfg = Release|Any CPU
		{46BA843C-B80A-41AD-85AD-2BB5506B33A2}.Release|x64.Build.0 = Release|Any CPU
		{46BA843C-B80A-41AD-85AD-2BB5506B33A2}.Release|x86.ActiveCfg = Release|Any CPU
		{46BA843C-B80A-41AD-85AD-2BB5506B33A2}.Release|x86.Build.0 = Release|Any CPU
		{7AD532D7-EB9E-4499-A0D2-9A8A12CAFBA9}.Debug|Any CPU.ActiveCfg = Debug|Any CPU
		{7AD532D7-EB9E-4499-A0D2-9A8A12CAFBA9}.Debug|Any CPU.Build.0 = Debug|Any CPU
		{7AD532D7-EB9E-4499-A0D2-9A8A12CAFBA9}.Debug|x64.ActiveCfg = Debug|Any CPU
		{7AD532D7-EB9E-4499-A0D2-9A8A12CAFBA9}.Debug|x64.Build.0 = Debug|Any CPU
		{7AD532D7-EB9E-4499-A0D2-9A8A12CAFBA9}.Debug|x86.ActiveCfg = Debug|Any CPU
		{7AD532D7-EB9E-4499-A0D2-9A8A12CAFBA9}.Debug|x86.Build.0 = Debug|Any CPU
		{7AD532D7-EB9E-4499-A0D2-9A8A12CAFBA9}.Release|Any CPU.ActiveCfg = Release|Any CPU
		{7AD532D7-EB9E-4499-A0D2-9A8A12CAFBA9}.Release|Any CPU.Build.0 = Release|Any CPU
		{7AD532D7-EB9E-4499-A0D2-9A8A12CAFBA9}.Release|x64.ActiveCfg = Release|Any CPU
		{7AD532D7-EB9E-4499-A0D2-9A8A12CAFBA9}.Release|x64.Build.0 = Release|Any CPU
		{7AD532D7-EB9E-4499-A0D2-9A8A12CAFBA9}.Release|x86.ActiveCfg = Release|Any CPU
		{7AD532D7-EB9E-4499-A0D2-9A8A12CAFBA9}.Release|x86.Build.0 = Release|Any CPU
		{2B8F5C5B-36C2-4883-B178-42024E313742}.Debug|Any CPU.ActiveCfg = Debug|Any CPU
		{2B8F5C5B-36C2-4883-B178-42024E313742}.Debug|Any CPU.Build.0 = Debug|Any CPU
		{2B8F5C5B-36C2-4883-B178-42024E313742}.Debug|x64.ActiveCfg = Debug|Any CPU
		{2B8F5C5B-36C2-4883-B178-42024E313742}.Debug|x64.Build.0 = Debug|Any CPU
		{2B8F5C5B-36C2-4883-B178-42024E313742}.Debug|x86.ActiveCfg = Debug|Any CPU
		{2B8F5C5B-36C2-4883-B178-42024E313742}.Debug|x86.Build.0 = Debug|Any CPU
		{2B8F5C5B-36C2-4883-B178-42024E313742}.Release|Any CPU.ActiveCfg = Release|Any CPU
		{2B8F5C5B-36C2-4883-B178-42024E313742}.Release|Any CPU.Build.0 = Release|Any CPU
		{2B8F5C5B-36C2-4883-B178-42024E313742}.Release|x64.ActiveCfg = Release|Any CPU
		{2B8F5C5B-36C2-4883-B178-42024E313742}.Release|x64.Build.0 = Release|Any CPU
		{2B8F5C5B-36C2-4883-B178-42024E313742}.Release|x86.ActiveCfg = Release|Any CPU
		{2B8F5C5B-36C2-4883-B178-42024E313742}.Release|x86.Build.0 = Release|Any CPU
		{D9F97AC1-BAA9-4642-9EA2-D316C5462ACF}.Debug|Any CPU.ActiveCfg = Debug|Any CPU
		{D9F97AC1-BAA9-4642-9EA2-D316C5462ACF}.Debug|Any CPU.Build.0 = Debug|Any CPU
		{D9F97AC1-BAA9-4642-9EA2-D316C5462ACF}.Debug|x64.ActiveCfg = Debug|Any CPU
		{D9F97AC1-BAA9-4642-9EA2-D316C5462ACF}.Debug|x64.Build.0 = Debug|Any CPU
		{D9F97AC1-BAA9-4642-9EA2-D316C5462ACF}.Debug|x86.ActiveCfg = Debug|Any CPU
		{D9F97AC1-BAA9-4642-9EA2-D316C5462ACF}.Debug|x86.Build.0 = Debug|Any CPU
		{D9F97AC1-BAA9-4642-9EA2-D316C5462ACF}.Release|Any CPU.ActiveCfg = Release|Any CPU
		{D9F97AC1-BAA9-4642-9EA2-D316C5462ACF}.Release|Any CPU.Build.0 = Release|Any CPU
		{D9F97AC1-BAA9-4642-9EA2-D316C5462ACF}.Release|x64.ActiveCfg = Release|Any CPU
		{D9F97AC1-BAA9-4642-9EA2-D316C5462ACF}.Release|x64.Build.0 = Release|Any CPU
		{D9F97AC1-BAA9-4642-9EA2-D316C5462ACF}.Release|x86.ActiveCfg = Release|Any CPU
		{D9F97AC1-BAA9-4642-9EA2-D316C5462ACF}.Release|x86.Build.0 = Release|Any CPU
		{359F3CEC-F0DF-4D2D-89E1-421FF172823E}.Debug|Any CPU.ActiveCfg = Debug|Any CPU
		{359F3CEC-F0DF-4D2D-89E1-421FF172823E}.Debug|Any CPU.Build.0 = Debug|Any CPU
		{359F3CEC-F0DF-4D2D-89E1-421FF172823E}.Debug|x64.ActiveCfg = Debug|Any CPU
		{359F3CEC-F0DF-4D2D-89E1-421FF172823E}.Debug|x64.Build.0 = Debug|Any CPU
		{359F3CEC-F0DF-4D2D-89E1-421FF172823E}.Debug|x86.ActiveCfg = Debug|Any CPU
		{359F3CEC-F0DF-4D2D-89E1-421FF172823E}.Debug|x86.Build.0 = Debug|Any CPU
		{359F3CEC-F0DF-4D2D-89E1-421FF172823E}.Release|Any CPU.ActiveCfg = Release|Any CPU
		{359F3CEC-F0DF-4D2D-89E1-421FF172823E}.Release|Any CPU.Build.0 = Release|Any CPU
		{359F3CEC-F0DF-4D2D-89E1-421FF172823E}.Release|x64.ActiveCfg = Release|Any CPU
		{359F3CEC-F0DF-4D2D-89E1-421FF172823E}.Release|x64.Build.0 = Release|Any CPU
		{359F3CEC-F0DF-4D2D-89E1-421FF172823E}.Release|x86.ActiveCfg = Release|Any CPU
		{359F3CEC-F0DF-4D2D-89E1-421FF172823E}.Release|x86.Build.0 = Release|Any CPU
		{67CF621F-07CE-41C0-98DC-B55510D38F65}.Debug|Any CPU.ActiveCfg = Debug|Any CPU
		{67CF621F-07CE-41C0-98DC-B55510D38F65}.Debug|Any CPU.Build.0 = Debug|Any CPU
		{67CF621F-07CE-41C0-98DC-B55510D38F65}.Debug|x64.ActiveCfg = Debug|Any CPU
		{67CF621F-07CE-41C0-98DC-B55510D38F65}.Debug|x64.Build.0 = Debug|Any CPU
		{67CF621F-07CE-41C0-98DC-B55510D38F65}.Debug|x86.ActiveCfg = Debug|Any CPU
		{67CF621F-07CE-41C0-98DC-B55510D38F65}.Debug|x86.Build.0 = Debug|Any CPU
		{67CF621F-07CE-41C0-98DC-B55510D38F65}.Release|Any CPU.ActiveCfg = Release|Any CPU
		{67CF621F-07CE-41C0-98DC-B55510D38F65}.Release|Any CPU.Build.0 = Release|Any CPU
		{67CF621F-07CE-41C0-98DC-B55510D38F65}.Release|x64.ActiveCfg = Release|Any CPU
		{67CF621F-07CE-41C0-98DC-B55510D38F65}.Release|x64.Build.0 = Release|Any CPU
		{67CF621F-07CE-41C0-98DC-B55510D38F65}.Release|x86.ActiveCfg = Release|Any CPU
		{67CF621F-07CE-41C0-98DC-B55510D38F65}.Release|x86.Build.0 = Release|Any CPU
		{1EF7940E-B657-4F99-AE25-CCE6D7F45E21}.Debug|Any CPU.ActiveCfg = Debug|Any CPU
		{1EF7940E-B657-4F99-AE25-CCE6D7F45E21}.Debug|Any CPU.Build.0 = Debug|Any CPU
		{1EF7940E-B657-4F99-AE25-CCE6D7F45E21}.Debug|x64.ActiveCfg = Debug|Any CPU
		{1EF7940E-B657-4F99-AE25-CCE6D7F45E21}.Debug|x64.Build.0 = Debug|Any CPU
		{1EF7940E-B657-4F99-AE25-CCE6D7F45E21}.Debug|x86.ActiveCfg = Debug|Any CPU
		{1EF7940E-B657-4F99-AE25-CCE6D7F45E21}.Debug|x86.Build.0 = Debug|Any CPU
		{1EF7940E-B657-4F99-AE25-CCE6D7F45E21}.Release|Any CPU.ActiveCfg = Release|Any CPU
		{1EF7940E-B657-4F99-AE25-CCE6D7F45E21}.Release|Any CPU.Build.0 = Release|Any CPU
		{1EF7940E-B657-4F99-AE25-CCE6D7F45E21}.Release|x64.ActiveCfg = Release|Any CPU
		{1EF7940E-B657-4F99-AE25-CCE6D7F45E21}.Release|x64.Build.0 = Release|Any CPU
		{1EF7940E-B657-4F99-AE25-CCE6D7F45E21}.Release|x86.ActiveCfg = Release|Any CPU
		{1EF7940E-B657-4F99-AE25-CCE6D7F45E21}.Release|x86.Build.0 = Release|Any CPU
		{5154075C-C6E8-4FC2-AE7D-A080B9DF55D9}.Debug|Any CPU.ActiveCfg = Debug|Any CPU
		{5154075C-C6E8-4FC2-AE7D-A080B9DF55D9}.Debug|Any CPU.Build.0 = Debug|Any CPU
		{5154075C-C6E8-4FC2-AE7D-A080B9DF55D9}.Debug|x64.ActiveCfg = Debug|Any CPU
		{5154075C-C6E8-4FC2-AE7D-A080B9DF55D9}.Debug|x64.Build.0 = Debug|Any CPU
		{5154075C-C6E8-4FC2-AE7D-A080B9DF55D9}.Debug|x86.ActiveCfg = Debug|Any CPU
		{5154075C-C6E8-4FC2-AE7D-A080B9DF55D9}.Debug|x86.Build.0 = Debug|Any CPU
		{5154075C-C6E8-4FC2-AE7D-A080B9DF55D9}.Release|Any CPU.ActiveCfg = Release|Any CPU
		{5154075C-C6E8-4FC2-AE7D-A080B9DF55D9}.Release|Any CPU.Build.0 = Release|Any CPU
		{5154075C-C6E8-4FC2-AE7D-A080B9DF55D9}.Release|x64.ActiveCfg = Release|Any CPU
		{5154075C-C6E8-4FC2-AE7D-A080B9DF55D9}.Release|x64.Build.0 = Release|Any CPU
		{5154075C-C6E8-4FC2-AE7D-A080B9DF55D9}.Release|x86.ActiveCfg = Release|Any CPU
		{5154075C-C6E8-4FC2-AE7D-A080B9DF55D9}.Release|x86.Build.0 = Release|Any CPU
	EndGlobalSection
EndGlobal
